
Microsoft Visual Studio Solution File, Format Version 12.00
Project("{FAE04EC0-301F-11D3-BF4B-00C04F79EFBC}") = "KettaraProjekti", "KettaraProjekti.csproj", "{CDB88D92-983C-443D-973B-F035399A395F}"
EndProject
Global
	GlobalSection(SolutionConfigurationPlatforms) = preSolution
		Debug|Any CPU = Debug|Any CPU
		Release|Any CPU = Release|Any CPU
	EndGlobalSection
	GlobalSection(ProjectConfigurationPlatforms) = postSolution
		{CDB88D92-983C-443D-973B-F035399A395F}.Debug|Any CPU.ActiveCfg = Debug|Any CPU
		{CDB88D92-983C-443D-973B-F035399A395F}.Debug|Any CPU.Build.0 = Debug|Any CPU
		{CDB88D92-983C-443D-973B-F035399A395F}.Release|Any CPU.ActiveCfg = Release|Any CPU
		{CDB88D92-983C-443D-973B-F035399A395F}.Release|Any CPU.Build.0 = Release|Any CPU
	EndGlobalSection
EndGlobal
